
Microsoft Visual Studio Solution File, Format Version 12.00
# Visual Studio Version 16
VisualStudioVersion = 16.0.31605.320
MinimumVisualStudioVersion = 10.0.40219.1
Project("{8BC9CEB8-8B4A-11D0-8D11-00A0C91BC942}") = "RandomFun", "RandomFun\RandomFun.vcxproj", "{E28396FC-F565-436B-AF36-21378A1A2B38}"
EndProject
Global
	GlobalSection(SolutionConfigurationPlatforms) = preSolution
		Debug|x64 = Debug|x64
		Debug|x86 = Debug|x86
		Release|x64 = Release|x64
		Release|x86 = Release|x86
	EndGlobalSection
	GlobalSection(ProjectConfigurationPlatforms) = postSolution
		{E28396FC-F565-436B-AF36-21378A1A2B38}.Debug|x64.ActiveCfg = Debug|x64
		{E28396FC-F565-436B-AF36-21378A1A2B38}.Debug|x64.Build.0 = Debug|x64
		{E28396FC-F565-436B-AF36-21378A1A2B38}.Debug|x86.ActiveCfg = Debug|Win32
		{E28396FC-F565-436B-AF36-21378A1A2B38}.Debug|x86.Build.0 = Debug|Win32
		{E28396FC-F565-436B-AF36-21378A1A2B38}.Release|x64.ActiveCfg = Release|x64
		{E28396FC-F565-436B-AF36-21378A1A2B38}.Release|x64.Build.0 = Release|x64
		{E28396FC-F565-436B-AF36-21378A1A2B38}.Release|x86.ActiveCfg = Release|Win32
		{E28396FC-F565-436B-AF36-21378A1A2B38}.Release|x86.Build.0 = Release|Win32
	EndGlobalSection
	GlobalSection(SolutionProperties) = preSolution
		HideSolutionNode = FALSE
	EndGlobalSection
	GlobalSection(ExtensibilityGlobals) = postSolution
		SolutionGuid = {B9690177-141D-4AED-AF64-A0F65E612D9F}
	EndGlobalSection
EndGlobal
